Microsoft Visual Studio Solution File, Format Version 12.00
# Visual Studio Version 17
VisualStudioVersion = 17.5.2.0
MinimumVisualStudioVersion = 10.0.40219.1
Project("{FAE04EC0-301F-11D3-BF4B-00C04F79EFBC}") = "MailboxSearch", "MailboxSearch.csproj", "{F956E70B-24EF-6755-A7A5-46305CF3CFF5}"
EndProject
Global
	GlobalSection(SolutionConfigurationPlatforms) = preSolution
		Debug|Any CPU = Debug|Any CPU
		Release|Any CPU = Release|Any CPU
	EndGlobalSection
	GlobalSection(ProjectConfigurationPlatforms) = postSolution
		{F956E70B-24EF-6755-A7A5-46305CF3CFF5}.Debug|Any CPU.ActiveCfg = Debug|Any CPU
		{F956E70B-24EF-6755-A7A5-46305CF3CFF5}.Debug|Any CPU.Build.0 = Debug|Any CPU
		{F956E70B-24EF-6755-A7A5-46305CF3CFF5}.Release|Any CPU.ActiveCfg = Release|Any CPU
		{F956E70B-24EF-6755-A7A5-46305CF3CFF5}.Release|Any CPU.Build.0 = Release|Any CPU
	EndGlobalSection
	GlobalSection(SolutionProperties) = preSolution
		HideSolutionNode = FALSE
	EndGlobalSection
	GlobalSection(ExtensibilityGlobals) = postSolution
		SolutionGuid = {7C97C544-58C2-4B9D-853C-62ECFFC347FA}
	EndGlobalSection
EndGlobal
